
Microsoft Visual Studio Solution File, Format Version 12.00
# Visual Studio Version 17
VisualStudioVersion = 17.2.32602.215
MinimumVisualStudioVersion = 10.0.40219.1
Project("{FAE04EC0-301F-11D3-BF4B-00C04F79EFBC}") = "HotelListing.API", "HotelListing.API\HotelListing.API.csproj", "{04F09D61-CE14-495F-9159-CEE336C4F5B3}"
EndProject
Global
	GlobalSection(SolutionConfigurationPlatforms) = preSolution
		Debug|Any CPU = Debug|Any CPU
		Release|Any CPU = Release|Any CPU
	EndGlobalSection
	GlobalSection(ProjectConfigurationPlatforms) = postSolution
		{04F09D61-CE14-495F-9159-CEE336C4F5B3}.Debug|Any CPU.ActiveCfg = Debug|Any CPU
		{04F09D61-CE14-495F-9159-CEE336C4F5B3}.Debug|Any CPU.Build.0 = Debug|Any CPU
		{04F09D61-CE14-495F-9159-CEE336C4F5B3}.Release|Any CPU.ActiveCfg = Release|Any CPU
		{04F09D61-CE14-495F-9159-CEE336C4F5B3}.Release|Any CPU.Build.0 = Release|Any CPU
	EndGlobalSection
	GlobalSection(SolutionProperties) = preSolution
		HideSolutionNode = FALSE
	EndGlobalSection
	GlobalSection(ExtensibilityGlobals) = postSolution
		SolutionGuid = {017908C2-2126-49C1-B5D5-B110FDFE2721}
	EndGlobalSection
EndGlobal
